
Microsoft Visual Studio Solution File, Format Version 12.00
# Visual Studio Version 16
VisualStudioVersion = 16.0.809.0
MinimumVisualStudioVersion = 10.0.40219.1
Project("{FAE04EC0-301F-11D3-BF4B-00C04F79EFBC}") = "BlogLabWeb", "BlogLabWeb\BlogLabWeb.csproj", "{7F6F3F55-44A2-4049-85A7-18683A1FB73F}"
EndProject
Project("{FAE04EC0-301F-11D3-BF4B-00C04F79EFBC}") = "BlogLab.Models", "BlogLabModels\BlogLab.Models.csproj", "{BFEA63FE-CA96-4027-B6A1-1BF892F8B24A}"
EndProject
Project("{FAE04EC0-301F-11D3-BF4B-00C04F79EFBC}") = "BlogLab.Repository", "BlogLab.Repository\BlogLab.Repository.csproj", "{562BFF9B-4C3F-4B0E-8A46-DF8B5D145F97}"
EndProject
Global
	GlobalSection(SolutionConfigurationPlatforms) = preSolution
		Debug|Any CPU = Debug|Any CPU
		Release|Any CPU = Release|Any CPU
	EndGlobalSection
	GlobalSection(ProjectConfigurationPlatforms) = postSolution
		{7F6F3F55-44A2-4049-85A7-18683A1FB73F}.Debug|Any CPU.ActiveCfg = Debug|Any CPU
		{7F6F3F55-44A2-4049-85A7-18683A1FB73F}.Debug|Any CPU.Build.0 = Debug|Any CPU
		{7F6F3F55-44A2-4049-85A7-18683A1FB73F}.Release|Any CPU.ActiveCfg = Release|Any CPU
		{7F6F3F55-44A2-4049-85A7-18683A1FB73F}.Release|Any CPU.Build.0 = Release|Any CPU
		{BFEA63FE-CA96-4027-B6A1-1BF892F8B24A}.Debug|Any CPU.ActiveCfg = Debug|Any CPU
		{BFEA63FE-CA96-4027-B6A1-1BF892F8B24A}.Debug|Any CPU.Build.0 = Debug|Any CPU
		{BFEA63FE-CA96-4027-B6A1-1BF892F8B24A}.Release|Any CPU.ActiveCfg = Release|Any CPU
		{BFEA63FE-CA96-4027-B6A1-1BF892F8B24A}.Release|Any CPU.Build.0 = Release|Any CPU
		{562BFF9B-4C3F-4B0E-8A46-DF8B5D145F97}.Debug|Any CPU.ActiveCfg = Debug|Any CPU
		{562BFF9B-4C3F-4B0E-8A46-DF8B5D145F97}.Debug|Any CPU.Build.0 = Debug|Any CPU
		{562BFF9B-4C3F-4B0E-8A46-DF8B5D145F97}.Release|Any CPU.ActiveCfg = Release|Any CPU
		{562BFF9B-4C3F-4B0E-8A46-DF8B5D145F97}.Release|Any CPU.Build.0 = Release|Any CPU
	EndGlobalSection
	GlobalSection(SolutionProperties) = preSolution
		HideSolutionNode = FALSE
	EndGlobalSection
	GlobalSection(ExtensibilityGlobals) = postSolution
		SolutionGuid = {DF73AA02-6247-4B08-81E6-5273489D1ACC}
	EndGlobalSection
EndGlobal
